github.com/gosnmp/gosnmp v1.44.0 h1:6SUNAJWjSu/j05rm+M1G39NoPW8jvShiFqYf6XNnM+k=
github.com/gosnmp/gosnmp v1.44.0/go.mod h1:30xQDXCVXXehh/xwRd62+JwIizwc3HZaBi4F/Hv5/0o=
github.com/jlaffaye/ftp v0.2.1 h1:AICcTYPMkaXlmjLMm9I+lB36f6jXCsCvBqVQc6EfC1Y=
github.com/jlaffaye/ftp v0.2.1/go.mod h1:gXSIr1pA9NhynDNigiFHs4+yL7o7I6bGF9Za9wi9tcE=
golang.org/x/crypto v0.54.0 h1:YLIA59K4fiNzHzjnZt2tUJQjQtUWfWbeHBqKtk3eScw=
golang.org/x/crypto v0.54.0/go.mod h1:KWL8ny2AZdGR2cWmzeHrp2azQPGogOv+HeQaVEXC2dk=
golang.org/x/sys v0.47.0 h1:o7XGOvZQCADBQQ4Y7VNq2dRWQR7JmOUW8Kxx4ZsNgWs=
golang.org/x/sys v0.47.0/go.mod h1:4GL1E5IUh+htKOUEOaiffhrAeqysfVGipDYzABqnCmw=
